
Microsoft Visual Studio Solution File, Format Version 12.00
# Visual Studio Version 16
VisualStudioVersion = 16.0.29102.190
MinimumVisualStudioVersion = 10.0.40219.1
Project("{FAE04EC0-301F-11D3-BF4B-00C04F79EFBC}") = "UserMaintenance", "UserMaintenance\UserMaintenance.csproj", "{65100C33-8CAA-4281-8F5B-B8883B27B72A}"
EndProject
Global
	GlobalSection(SolutionConfigurationPlatforms) = preSolution
		Debug|Any CPU = Debug|Any CPU
		Release|Any CPU = Release|Any CPU
	EndGlobalSection
	GlobalSection(ProjectConfigurationPlatforms) = postSolution
		{65100C33-8CAA-4281-8F5B-B8883B27B72A}.Debug|Any CPU.ActiveCfg = Debug|Any CPU
		{65100C33-8CAA-4281-8F5B-B8883B27B72A}.Debug|Any CPU.Build.0 = Debug|Any CPU
		{65100C33-8CAA-4281-8F5B-B8883B27B72A}.Release|Any CPU.ActiveCfg = Release|Any CPU
		{65100C33-8CAA-4281-8F5B-B8883B27B72A}.Release|Any CPU.Build.0 = Release|Any CPU
	EndGlobalSection
	GlobalSection(SolutionProperties) = preSolution
		HideSolutionNode = FALSE
	EndGlobalSection
	GlobalSection(ExtensibilityGlobals) = postSolution
		SolutionGuid = {4B20AD36-1202-4CF3-BA8C-B97E08DAE431}
	EndGlobalSection
EndGlobal
